
Microsoft Visual Studio Solution File, Format Version 12.00
# Visual Studio Version 17
VisualStudioVersion = 17.8.34330.188
MinimumVisualStudioVersion = 10.0.40219.1
Project("{8BC9CEB8-8B4A-11D0-8D11-00A0C91BC942}") = "variable", "variable\variable.vcxproj", "{D125652A-7AF6-46D8-9AE8-12916CA25A72}"
EndProject
Global
	GlobalSection(SolutionConfigurationPlatforms) = preSolution
		Debug|x64 = Debug|x64
		Debug|x86 = Debug|x86
		Release|x64 = Release|x64
		Release|x86 = Release|x86
	EndGlobalSection
	GlobalSection(ProjectConfigurationPlatforms) = postSolution
		{D125652A-7AF6-46D8-9AE8-12916CA25A72}.Debug|x64.ActiveCfg = Debug|x64
		{D125652A-7AF6-46D8-9AE8-12916CA25A72}.Debug|x64.Build.0 = Debug|x64
		{D125652A-7AF6-46D8-9AE8-12916CA25A72}.Debug|x86.ActiveCfg = Debug|Win32
		{D125652A-7AF6-46D8-9AE8-12916CA25A72}.Debug|x86.Build.0 = Debug|Win32
		{D125652A-7AF6-46D8-9AE8-12916CA25A72}.Release|x64.ActiveCfg = Release|x64
		{D125652A-7AF6-46D8-9AE8-12916CA25A72}.Release|x64.Build.0 = Release|x64
		{D125652A-7AF6-46D8-9AE8-12916CA25A72}.Release|x86.ActiveCfg = Release|Win32
		{D125652A-7AF6-46D8-9AE8-12916CA25A72}.Release|x86.Build.0 = Release|Win32
	EndGlobalSection
	GlobalSection(SolutionProperties) = preSolution
		HideSolutionNode = FALSE
	EndGlobalSection
	GlobalSection(ExtensibilityGlobals) = postSolution
		SolutionGuid = {49D2B326-FE04-48FA-AF05-C357FD193E71}
	EndGlobalSection
EndGlobal
